
Microsoft Visual Studio Solution File, Format Version 12.00
# Visual Studio Version 17
VisualStudioVersion = 17.14.36429.23 d17.14
MinimumVisualStudioVersion = 10.0.40219.1
Project("{FAE04EC0-301F-11D3-BF4B-00C04F79EFBC}") = "ClonEbay_CoreAPI", "ClonEbay_CoreAPI\ClonEbay_CoreAPI.csproj", "{6306D8FB-0A23-42A3-902D-6DD832C71060}"
EndProject
Project("{FAE04EC0-301F-11D3-BF4B-00C04F79EFBC}") = "CloneEbay_FE", "CloneEbay_FE\CloneEbay_FE.csproj", "{3EBC5344-A998-4DCE-929A-470BDB62FFBD}"
EndProject
Global
	GlobalSection(SolutionConfigurationPlatforms) = preSolution
		Debug|Any CPU = Debug|Any CPU
		Release|Any CPU = Release|Any CPU
	EndGlobalSection
	GlobalSection(ProjectConfigurationPlatforms) = postSolution
		{6306D8FB-0A23-42A3-902D-6DD832C71060}.Debug|Any CPU.ActiveCfg = Debug|Any CPU
		{6306D8FB-0A23-42A3-902D-6DD832C71060}.Debug|Any CPU.Build.0 = Debug|Any CPU
		{6306D8FB-0A23-42A3-902D-6DD832C71060}.Release|Any CPU.ActiveCfg = Release|Any CPU
		{6306D8FB-0A23-42A3-902D-6DD832C71060}.Release|Any CPU.Build.0 = Release|Any CPU
		{3EBC5344-A998-4DCE-929A-470BDB62FFBD}.Debug|Any CPU.ActiveCfg = Debug|Any CPU
		{3EBC5344-A998-4DCE-929A-470BDB62FFBD}.Debug|Any CPU.Build.0 = Debug|Any CPU
		{3EBC5344-A998-4DCE-929A-470BDB62FFBD}.Release|Any CPU.ActiveCfg = Release|Any CPU
		{3EBC5344-A998-4DCE-929A-470BDB62FFBD}.Release|Any CPU.Build.0 = Release|Any CPU
	EndGlobalSection
	GlobalSection(SolutionProperties) = preSolution
		HideSolutionNode = FALSE
	EndGlobalSection
	GlobalSection(ExtensibilityGlobals) = postSolution
		SolutionGuid = {94674B10-4A52-43DC-8574-47E10E61E472}
	EndGlobalSection
EndGlobal
